
Microsoft Visual Studio Solution File, Format Version 12.00
# Visual Studio 15
VisualStudioVersion = 15.0.27004.2009
MinimumVisualStudioVersion = 10.0.40219.1
Project("{FAE04EC0-301F-11D3-BF4B-00C04F79EFBC}") = "01.SayHello", "SayHello\01.SayHello.csproj", "{1D5A965F-BC12-4696-81EC-D36582D1BEAC}"
EndProject
Project("{FAE04EC0-301F-11D3-BF4B-00C04F79EFBC}") = "02.GetLargest", "GetLargest\02.GetLargest.csproj", "{AB73BB86-D6BF-4973-8143-E1CB9A00492E}"
EndProject
Project("{FAE04EC0-301F-11D3-BF4B-00C04F79EFBC}") = "03.EnglishDigit", "EnglishDigit\03.EnglishDigit.csproj", "{855BE483-F2FE-4D43-B6FB-801AE0BC3561}"
EndProject
Project("{FAE04EC0-301F-11D3-BF4B-00C04F79EFBC}") = "04.AppearanceCount", "AppearanceCount\04.AppearanceCount.csproj", "{5C8C207D-D190-4BC7-9594-85F125509AD5}"
EndProject
Project("{FAE04EC0-301F-11D3-BF4B-00C04F79EFBC}") = "05.LargerThanNeighbours", "LargerThanNeighbours\05.LargerThanNeighbours.csproj", "{75EA28E2-77AE-4C12-9ADE-1603F3F12330}"
EndProject
Project("{FAE04EC0-301F-11D3-BF4B-00C04F79EFBC}") = "06.FirstLargerThanNeighbours", "FirstLargerThanNeighbours\06.FirstLargerThanNeighbours.csproj", "{7EC469EB-ED57-4DD6-99C0-05217544F7B2}"
EndProject
Project("{FAE04EC0-301F-11D3-BF4B-00C04F79EFBC}") = "07.ReverseNumber", "ReverseNumber\07.ReverseNumber.csproj", "{2E73AC95-DDF7-4AED-8751-A82BE6997A57}"
EndProject
Project("{FAE04EC0-301F-11D3-BF4B-00C04F79EFBC}") = "08.NumberAsArray", "NumberAsArray\08.NumberAsArray.csproj", "{6B0D6908-F9DF-4347-BE62-3BB4604A9DE1}"
EndProject
Project("{FAE04EC0-301F-11D3-BF4B-00C04F79EFBC}") = "Utilities", "Utilities\Utilities.csproj", "{E7A3C44A-B8A4-4D42-B30B-E30097EC7AD9}"
EndProject
Global
	GlobalSection(SolutionConfigurationPlatforms) = preSolution
		Debug|Any CPU = Debug|Any CPU
		Release|Any CPU = Release|Any CPU
	EndGlobalSection
	GlobalSection(ProjectConfigurationPlatforms) = postSolution
		{1D5A965F-BC12-4696-81EC-D36582D1BEAC}.Debug|Any CPU.ActiveCfg = Debug|Any CPU
		{1D5A965F-BC12-4696-81EC-D36582D1BEAC}.Debug|Any CPU.Build.0 = Debug|Any CPU
		{1D5A965F-BC12-4696-81EC-D36582D1BEAC}.Release|Any CPU.ActiveCfg = Release|Any CPU
		{1D5A965F-BC12-4696-81EC-D36582D1BEAC}.Release|Any CPU.Build.0 = Release|Any CPU
		{AB73BB86-D6BF-4973-8143-E1CB9A00492E}.Debug|Any CPU.ActiveCfg = Debug|Any CPU
		{AB73BB86-D6BF-4973-8143-E1CB9A00492E}.Debug|Any CPU.Build.0 = Debug|Any CPU
		{AB73BB86-D6BF-4973-8143-E1CB9A00492E}.Release|Any CPU.ActiveCfg = Release|Any CPU
		{AB73BB86-D6BF-4973-8143-E1CB9A00492E}.Release|Any CPU.Build.0 = Release|Any CPU
		{855BE483-F2FE-4D43-B6FB-801AE0BC3561}.Debug|Any CPU.ActiveCfg = Debug|Any CPU
		{855BE483-F2FE-4D43-B6FB-801AE0BC3561}.Debug|Any CPU.Build.0 = Debug|Any CPU
		{855BE483-F2FE-4D43-B6FB-801AE0BC3561}.Release|Any CPU.ActiveCfg = Release|Any CPU
		{855BE483-F2FE-4D43-B6FB-801AE0BC3561}.Release|Any CPU.Build.0 = Release|Any CPU
		{5C8C207D-D190-4BC7-9594-85F125509AD5}.Debug|Any CPU.ActiveCfg = Debug|Any CPU
		{5C8C207D-D190-4BC7-9594-85F125509AD5}.Debug|Any CPU.Build.0 = Debug|Any CPU
		{5C8C207D-D190-4BC7-9594-85F125509AD5}.Release|Any CPU.ActiveCfg = Release|Any CPU
		{5C8C207D-D190-4BC7-9594-85F125509AD5}.Release|Any CPU.Build.0 = Release|Any CPU
		{75EA28E2-77AE-4C12-9ADE-1603F3F12330}.Debug|Any CPU.ActiveCfg = Debug|Any CPU
		{75EA28E2-77AE-4C12-9ADE-1603F3F12330}.Debug|Any CPU.Build.0 = Debug|Any CPU
		{75EA28E2-77AE-4C12-9ADE-1603F3F12330}.Release|Any CPU.ActiveCfg = Release|Any CPU
		{75EA28E2-77AE-4C12-9ADE-1603F3F12330}.Release|Any CPU.Build.0 = Release|Any CPU
		{7EC469EB-ED57-4DD6-99C0-05217544F7B2}.Debug|Any CPU.ActiveCfg = Debug|Any CPU
		{7EC469EB-ED57-4DD6-99C0-05217544F7B2}.Debug|Any CPU.Build.0 = Debug|Any CPU
		{7EC469EB-ED57-4DD6-99C0-05217544F7B2}.Release|Any CPU.ActiveCfg = Release|Any CPU
		{7EC469EB-ED57-4DD6-99C0-05217544F7B2}.Release|Any CPU.Build.0 = Release|Any CPU
		{2E73AC95-DDF7-4AED-8751-A82BE6997A57}.Debug|Any CPU.ActiveCfg = Debug|Any CPU
		{2E73AC95-DDF7-4AED-8751-A82BE6997A57}.Debug|Any CPU.Build.0 = Debug|Any CPU
		{2E73AC95-DDF7-4AED-8751-A82BE6997A57}.Release|Any CPU.ActiveCfg = Release|Any CPU
		{2E73AC95-DDF7-4AED-8751-A82BE6997A57}.Release|Any CPU.Build.0 = Release|Any CPU
		{6B0D6908-F9DF-4347-BE62-3BB4604A9DE1}.Debug|Any CPU.ActiveCfg = Debug|Any CPU
		{6B0D6908-F9DF-4347-BE62-3BB4604A9DE1}.Debug|Any CPU.Build.0 = Debug|Any CPU
		{6B0D6908-F9DF-4347-BE62-3BB4604A9DE1}.Release|Any CPU.ActiveCfg = Release|Any CPU
		{6B0D6908-F9DF-4347-BE62-3BB4604A9DE1}.Release|Any CPU.Build.0 = Release|Any CPU
		{E7A3C44A-B8A4-4D42-B30B-E30097EC7AD9}.Debug|Any CPU.ActiveCfg = Debug|Any CPU
		{E7A3C44A-B8A4-4D42-B30B-E30097EC7AD9}.Debug|Any CPU.Build.0 = Debug|Any CPU
		{E7A3C44A-B8A4-4D42-B30B-E30097EC7AD9}.Release|Any CPU.ActiveCfg = Release|Any CPU
		{E7A3C44A-B8A4-4D42-B30B-E30097EC7AD9}.Release|Any CPU.Build.0 = Release|Any CPU
	EndGlobalSection
	GlobalSection(SolutionProperties) = preSolution
		HideSolutionNode = FALSE
	EndGlobalSection
	GlobalSection(ExtensibilityGlobals) = postSolution
		SolutionGuid = {C295AC17-5FA2-4333-B770-4153F4655094}
	EndGlobalSection
EndGlobal
